// !$*UTF8*$!
{
	archiveVersion = 1;
	classes = {
	};
	objectVersion = 77;
	objects = {

/* Begin PBXBuildFile section */
		1D56DEDA1ED8D8BB690924FD /* AppBootstrap.swift in Sources */ = {isa = PBXBuildFile; fileRef = B2F9F540CE7AD2C33A543C45 /* AppBootstrap.swift */; };
		250FD2D08AB38039084049A7 /* AppModel.swift in Sources */ = {isa = PBXBuildFile; fileRef = 63E3C4C3E2E6317C3A389047 /* AppModel.swift */; };
		2848075FF54FC40B5DBF8F3B /* AppView.swift in Sources */ = {isa = PBXBuildFile; fileRef = FB34335A81134469D092E53F /* AppView.swift */; };
		29F2636A5FDE2F34FEE77216 /* StoryDetailView.swift in Sources */ = {isa = PBXBuildFile; fileRef = DB562ED8E0E6CAB6B94B6C8E /* StoryDetailView.swift */; };
		3E1E00455FEDE8A46BACF246 /* EmbeddedArticleBrowserView.swift in Sources */ = {isa = PBXBuildFile; fileRef = B75FA06338B71F7323CA7244 /* EmbeddedArticleBrowserView.swift */; };
		5778FE870BD5BF2D8D707C25 /* BuiltInRSS.opml in Resources */ = {isa = PBXBuildFile; fileRef = 261DABCEECAE829845793A79 /* BuiltInRSS.opml */; };
		75404B8FBFB5D691F65CF8DA /* RSSFeedParser.swift in Sources */ = {isa = PBXBuildFile; fileRef = 806F9496F4164913B16E88CB /* RSSFeedParser.swift */; };
		87A12A9AF04A5F0AE90D8F62 /* ReaderShellView.swift in Sources */ = {isa = PBXBuildFile; fileRef = F5D3E42F29B1066B58E03582 /* ReaderShellView.swift */; };
		95BD1D4946178EE9DA59D3E2 /* JippoApp.swift in Sources */ = {isa = PBXBuildFile; fileRef = C43B526B53654B59FBEB83EA /* JippoApp.swift */; };
		96B580AB94989D8CC9B03943 /* HomepagePlanning.swift in Sources */ = {isa = PBXBuildFile; fileRef = F547F9A747057E2C467C18D2 /* HomepagePlanning.swift */; };
		9B54BBF85E429453528561FF /* Readability-LICENSE.md in Resources */ = {isa = PBXBuildFile; fileRef = CB7D9E09137A8BCA863F2E39 /* Readability-LICENSE.md */; };
		B66618583FD7ED0EFE33882B /* RSSSyncService.swift in Sources */ = {isa = PBXBuildFile; fileRef = A47D4DA7E47EA243DC73AC77 /* RSSSyncService.swift */; };
		C9A1CE22C7F624609F9541F2 /* Readability.js in Resources */ = {isa = PBXBuildFile; fileRef = F1071CF5EE91DA01205EEF68 /* Readability.js */; };
		CB2C167CB2CAEDC90EC3F00A /* HomeComponents.swift in Sources */ = {isa = PBXBuildFile; fileRef = 1515C42D43C15AA5384C4B1E /* HomeComponents.swift */; };
		D72C513DB0A215105F240AF3 /* JippoModels.swift in Sources */ = {isa = PBXBuildFile; fileRef = 3F30215074BF8834E920D90A /* JippoModels.swift */; };
		DF7D9397CB092BCD6E2D0081 /* HomeView.swift in Sources */ = {isa = PBXBuildFile; fileRef = 7C4F6F12A37BF0EE06FC01BA /* HomeView.swift */; };
		E7AFAC3EAC8A5D844AE97919 /* FeedLoading.swift in Sources */ = {isa = PBXBuildFile; fileRef = 5AE02938968899D50DD709FD /* FeedLoading.swift */; };
		ED17ABC205EF83884DD895F3 /* JippoPalette.swift in Sources */ = {isa = PBXBuildFile; fileRef = FF61D6D1A15303BAA16E74CF /* JippoPalette.swift */; };
		F459D15704050837E0765D65 /* OPMLFeedLoader.swift in Sources */ = {isa = PBXBuildFile; fileRef = DADFB767EB2784D35F7CB8FD /* OPMLFeedLoader.swift */; };
		F64A67179C7B1C50A80F3079 /* FeedSource.swift in Sources */ = {isa = PBXBuildFile; fileRef = B004D1100DD60EBCEE9B17CB /* FeedSource.swift */; };
		F6BB11691FFFF3DE824B2093 /* HomepageModels.swift in Sources */ = {isa = PBXBuildFile; fileRef = B8F84721A51C3779B858703F /* HomepageModels.swift */; };
/* End PBXBuildFile section */

/* Begin PBXFileReference section */
		1515C42D43C15AA5384C4B1E /* HomeComponents.swift */ = {isa = PBXFileReference; lastKnownFileType = sourcecode.swift; path = HomeComponents.swift; sourceTree = "<group>"; };
		261DABCEECAE829845793A79 /* BuiltInRSS.opml */ = {isa = PBXFileReference; lastKnownFileType = text.xml; path = BuiltInRSS.opml; sourceTree = "<group>"; };
		3F30215074BF8834E920D90A /* JippoModels.swift */ = {isa = PBXFileReference; lastKnownFileType = sourcecode.swift; path = JippoModels.swift; sourceTree = "<group>"; };
		5AE02938968899D50DD709FD /* FeedLoading.swift */ = {isa = PBXFileReference; lastKnownFileType = sourcecode.swift; path = FeedLoading.swift; sourceTree = "<group>"; };
		63E3C4C3E2E6317C3A389047 /* AppModel.swift */ = {isa = PBXFileReference; lastKnownFileType = sourcecode.swift; path = AppModel.swift; sourceTree = "<group>"; };
		7C4F6F12A37BF0EE06FC01BA /* HomeView.swift */ = {isa = PBXFileReference; lastKnownFileType = sourcecode.swift; path = HomeView.swift; sourceTree = "<group>"; };
		806F9496F4164913B16E88CB /* RSSFeedParser.swift */ = {isa = PBXFileReference; lastKnownFileType = sourcecode.swift; path = RSSFeedParser.swift; sourceTree = "<group>"; };
		A47D4DA7E47EA243DC73AC77 /* RSSSyncService.swift */ = {isa = PBXFileReference; lastKnownFileType = sourcecode.swift; path = RSSSyncService.swift; sourceTree = "<group>"; };
		B004D1100DD60EBCEE9B17CB /* FeedSource.swift */ = {isa = PBXFileReference; lastKnownFileType = sourcecode.swift; path = FeedSource.swift; sourceTree = "<group>"; };
		B2F9F540CE7AD2C33A543C45 /* AppBootstrap.swift */ = {isa = PBXFileReference; lastKnownFileType = sourcecode.swift; path = AppBootstrap.swift; sourceTree = "<group>"; };
		B75FA06338B71F7323CA7244 /* EmbeddedArticleBrowserView.swift */ = {isa = PBXFileReference; lastKnownFileType = sourcecode.swift; path = EmbeddedArticleBrowserView.swift; sourceTree = "<group>"; };
		B8F84721A51C3779B858703F /* HomepageModels.swift */ = {isa = PBXFileReference; lastKnownFileType = sourcecode.swift; path = HomepageModels.swift; sourceTree = "<group>"; };
		C43B526B53654B59FBEB83EA /* JippoApp.swift */ = {isa = PBXFileReference; lastKnownFileType = sourcecode.swift; path = JippoApp.swift; sourceTree = "<group>"; };
		CB7D9E09137A8BCA863F2E39 /* Readability-LICENSE.md */ = {isa = PBXFileReference; lastKnownFileType = net.daringfireball.markdown; path = "Readability-LICENSE.md"; sourceTree = "<group>"; };
		DADFB767EB2784D35F7CB8FD /* OPMLFeedLoader.swift */ = {isa = PBXFileReference; lastKnownFileType = sourcecode.swift; path = OPMLFeedLoader.swift; sourceTree = "<group>"; };
		DB562ED8E0E6CAB6B94B6C8E /* StoryDetailView.swift */ = {isa = PBXFileReference; lastKnownFileType = sourcecode.swift; path = StoryDetailView.swift; sourceTree = "<group>"; };
		F1071CF5EE91DA01205EEF68 /* Readability.js */ = {isa = PBXFileReference; lastKnownFileType = sourcecode.javascript; path = Readability.js; sourceTree = "<group>"; };
		F547F9A747057E2C467C18D2 /* HomepagePlanning.swift */ = {isa = PBXFileReference; lastKnownFileType = sourcecode.swift; path = HomepagePlanning.swift; sourceTree = "<group>"; };
		F5D3E42F29B1066B58E03582 /* ReaderShellView.swift */ = {isa = PBXFileReference; lastKnownFileType = sourcecode.swift; path = ReaderShellView.swift; sourceTree = "<group>"; };
		FB34335A81134469D092E53F /* AppView.swift */ = {isa = PBXFileReference; lastKnownFileType = sourcecode.swift; path = AppView.swift; sourceTree = "<group>"; };
		FE799EC6AD6F1F347D5C2D20 /* Jippo.app */ = {isa = PBXFileReference; explicitFileType = wrapper.application; includeInIndex = 0; path = Jippo.app; sourceTree = BUILT_PRODUCTS_DIR; };
		FF61D6D1A15303BAA16E74CF /* JippoPalette.swift */ = {isa = PBXFileReference; lastKnownFileType = sourcecode.swift; path = JippoPalette.swift; sourceTree = "<group>"; };
/* End PBXFileReference section */

/* Begin PBXGroup section */
		009CBB3FAE1015BF2BE03FE5 /* Style */ = {
			isa = PBXGroup;
			children = (
				FF61D6D1A15303BAA16E74CF /* JippoPalette.swift */,
			);
			path = Style;
			sourceTree = "<group>";
		};
		05227A9697AD45F6F0A28499 /* Home */ = {
			isa = PBXGroup;
			children = (
				1515C42D43C15AA5384C4B1E /* HomeComponents.swift */,
				7C4F6F12A37BF0EE06FC01BA /* HomeView.swift */,
			);
			path = Home;
			sourceTree = "<group>";
		};
		0EEBBFEC9B155AC886678AA5 = {
			isa = PBXGroup;
			children = (
				3FB0DCAB24064115C9D1D9BB /* Jippo */,
				9BD0D55519ABD2768CE53B56 /* Products */,
			);
			sourceTree = "<group>";
		};
		39D5DB3CB5D3A3A3AEC13247 /* Reader */ = {
			isa = PBXGroup;
			children = (
				F5D3E42F29B1066B58E03582 /* ReaderShellView.swift */,
			);
			path = Reader;
			sourceTree = "<group>";
		};
		3FB0DCAB24064115C9D1D9BB /* Jippo */ = {
			isa = PBXGroup;
			children = (
				5B2AF70C3E3C20DF1E619F8E /* Resources */,
				451B3B9C2D686ECE705C3E22 /* Sources */,
			);
			path = Jippo;
			sourceTree = "<group>";
		};
		451B3B9C2D686ECE705C3E22 /* Sources */ = {
			isa = PBXGroup;
			children = (
				C43B526B53654B59FBEB83EA /* JippoApp.swift */,
				4BD5BE977E2B469C96059E4B /* App */,
				AB126026CCB3939FAD2B1B74 /* Data */,
				8A70CDAE444004B9461BBD54 /* Domain */,
				74A41BACEF4D159985ED3629 /* Features */,
				BBC30E24874B8851C64025A4 /* Infrastructure */,
				CD0E4AF7E5758166177978B7 /* Services */,
				009CBB3FAE1015BF2BE03FE5 /* Style */,
			);
			path = Sources;
			sourceTree = "<group>";
		};
		4BD5BE977E2B469C96059E4B /* App */ = {
			isa = PBXGroup;
			children = (
				B2F9F540CE7AD2C33A543C45 /* AppBootstrap.swift */,
				63E3C4C3E2E6317C3A389047 /* AppModel.swift */,
				FB34335A81134469D092E53F /* AppView.swift */,
			);
			path = App;
			sourceTree = "<group>";
		};
		5B2AF70C3E3C20DF1E619F8E /* Resources */ = {
			isa = PBXGroup;
			children = (
				261DABCEECAE829845793A79 /* BuiltInRSS.opml */,
				E22A52D0F88E93F6E32BB67C /* Vendor */,
			);
			path = Resources;
			sourceTree = "<group>";
		};
		74A41BACEF4D159985ED3629 /* Features */ = {
			isa = PBXGroup;
			children = (
				05227A9697AD45F6F0A28499 /* Home */,
				39D5DB3CB5D3A3A3AEC13247 /* Reader */,
				CE95EEB9F927864ABF700B58 /* Story */,
			);
			path = Features;
			sourceTree = "<group>";
		};
		8A70CDAE444004B9461BBD54 /* Domain */ = {
			isa = PBXGroup;
			children = (
				B004D1100DD60EBCEE9B17CB /* FeedSource.swift */,
				B8F84721A51C3779B858703F /* HomepageModels.swift */,
			);
			path = Domain;
			sourceTree = "<group>";
		};
		9BD0D55519ABD2768CE53B56 /* Products */ = {
			isa = PBXGroup;
			children = (
				FE799EC6AD6F1F347D5C2D20 /* Jippo.app */,
			);
			name = Products;
			sourceTree = "<group>";
		};
		AB126026CCB3939FAD2B1B74 /* Data */ = {
			isa = PBXGroup;
			children = (
				F547F9A747057E2C467C18D2 /* HomepagePlanning.swift */,
				3F30215074BF8834E920D90A /* JippoModels.swift */,
			);
			path = Data;
			sourceTree = "<group>";
		};
		BBC30E24874B8851C64025A4 /* Infrastructure */ = {
			isa = PBXGroup;
			children = (
				5AE02938968899D50DD709FD /* FeedLoading.swift */,
				DADFB767EB2784D35F7CB8FD /* OPMLFeedLoader.swift */,
			);
			path = Infrastructure;
			sourceTree = "<group>";
		};
		CD0E4AF7E5758166177978B7 /* Services */ = {
			isa = PBXGroup;
			children = (
				806F9496F4164913B16E88CB /* RSSFeedParser.swift */,
				A47D4DA7E47EA243DC73AC77 /* RSSSyncService.swift */,
			);
			path = Services;
			sourceTree = "<group>";
		};
		CE95EEB9F927864ABF700B58 /* Story */ = {
			isa = PBXGroup;
			children = (
				B75FA06338B71F7323CA7244 /* EmbeddedArticleBrowserView.swift */,
				DB562ED8E0E6CAB6B94B6C8E /* StoryDetailView.swift */,
			);
			path = Story;
			sourceTree = "<group>";
		};
		E22A52D0F88E93F6E32BB67C /* Vendor */ = {
			isa = PBXGroup;
			children = (
				CB7D9E09137A8BCA863F2E39 /* Readability-LICENSE.md */,
				F1071CF5EE91DA01205EEF68 /* Readability.js */,
			);
			path = Vendor;
			sourceTree = "<group>";
		};
/* End PBXGroup section */

/* Begin PBXNativeTarget section */
		2770057D6E34E97B7B196FFD /* Jippo */ = {
			isa = PBXNativeTarget;
			buildConfigurationList = DBBFB9FDAB43E351A0C0E7F5 /* Build configuration list for PBXNativeTarget "Jippo" */;
			buildPhases = (
				9922518E9DB542537DE1049A /* Sources */,
				B8C0E87423324ABE3851085B /* Resources */,
			);
			buildRules = (
			);
			dependencies = (
			);
			name = Jippo;
			packageProductDependencies = (
			);
			productName = Jippo;
			productReference = FE799EC6AD6F1F347D5C2D20 /* Jippo.app */;
			productType = "com.apple.product-type.application";
		};
/* End PBXNativeTarget section */

/* Begin PBXProject section */
		B43110980137F15E039A8036 /* Project object */ = {
			isa = PBXProject;
			attributes = {
				BuildIndependentTargetsInParallel = YES;
				LastUpgradeCheck = 1430;
				TargetAttributes = {
					2770057D6E34E97B7B196FFD = {
						ProvisioningStyle = Automatic;
					};
				};
			};
			buildConfigurationList = 601D72163FAEE3953798AE9F /* Build configuration list for PBXProject "Jippo" */;
			developmentRegion = en;
			hasScannedForEncodings = 0;
			knownRegions = (
				Base,
				en,
			);
			mainGroup = 0EEBBFEC9B155AC886678AA5;
			minimizedProjectReferenceProxies = 1;
			preferredProjectObjectVersion = 77;
			productRefGroup = 9BD0D55519ABD2768CE53B56 /* Products */;
			projectDirPath = "";
			projectRoot = "";
			targets = (
				2770057D6E34E97B7B196FFD /* Jippo */,
			);
		};
/* End PBXProject section */

/* Begin PBXResourcesBuildPhase section */
		B8C0E87423324ABE3851085B /* Resources */ = {
			isa = PBXResourcesBuildPhase;
			buildActionMask = 2147483647;
			files = (
				5778FE870BD5BF2D8D707C25 /* BuiltInRSS.opml in Resources */,
				9B54BBF85E429453528561FF /* Readability-LICENSE.md in Resources */,
				C9A1CE22C7F624609F9541F2 /* Readability.js in Resources */,
			);
			runOnlyForDeploymentPostprocessing = 0;
		};
/* End PBXResourcesBuildPhase section */

/* Begin PBXSourcesBuildPhase section */
		9922518E9DB542537DE1049A /* Sources */ = {
			isa = PBXSourcesBuildPhase;
			buildActionMask = 2147483647;
			files = (
				1D56DEDA1ED8D8BB690924FD /* AppBootstrap.swift in Sources */,
				250FD2D08AB38039084049A7 /* AppModel.swift in Sources */,
				2848075FF54FC40B5DBF8F3B /* AppView.swift in Sources */,
				3E1E00455FEDE8A46BACF246 /* EmbeddedArticleBrowserView.swift in Sources */,
				E7AFAC3EAC8A5D844AE97919 /* FeedLoading.swift in Sources */,
				F64A67179C7B1C50A80F3079 /* FeedSource.swift in Sources */,
				CB2C167CB2CAEDC90EC3F00A /* HomeComponents.swift in Sources */,
				DF7D9397CB092BCD6E2D0081 /* HomeView.swift in Sources */,
				F6BB11691FFFF3DE824B2093 /* HomepageModels.swift in Sources */,
				96B580AB94989D8CC9B03943 /* HomepagePlanning.swift in Sources */,
				95BD1D4946178EE9DA59D3E2 /* JippoApp.swift in Sources */,
				D72C513DB0A215105F240AF3 /* JippoModels.swift in Sources */,
				ED17ABC205EF83884DD895F3 /* JippoPalette.swift in Sources */,
				F459D15704050837E0765D65 /* OPMLFeedLoader.swift in Sources */,
				75404B8FBFB5D691F65CF8DA /* RSSFeedParser.swift in Sources */,
				B66618583FD7ED0EFE33882B /* RSSSyncService.swift in Sources */,
				87A12A9AF04A5F0AE90D8F62 /* ReaderShellView.swift in Sources */,
				29F2636A5FDE2F34FEE77216 /* StoryDetailView.swift in Sources */,
			);
			runOnlyForDeploymentPostprocessing = 0;
		};
/* End PBXSourcesBuildPhase section */

/* Begin XCBuildConfiguration section */
		24C3810AEA3E425CF1EA0D25 /* Debug */ = {
			isa = XCBuildConfiguration;
			buildSettings = {
				ALWAYS_SEARCH_USER_PATHS = NO;
				CLANG_ANALYZER_NONNULL = YES;
				CLANG_ANALYZER_NUMBER_OBJECT_CONVERSION = YES_AGGRESSIVE;
				CLANG_CXX_LANGUAGE_STANDARD = "gnu++14";
				CLANG_CXX_LIBRARY = "libc++";
				CLANG_ENABLE_MODULES = YES;
				CLANG_ENABLE_OBJC_ARC = YES;
				CLANG_ENABLE_OBJC_WEAK = YES;
				CLANG_WARN_BLOCK_CAPTURE_AUTORELEASING = YES;
				CLANG_WARN_BOOL_CONVERSION = YES;
				CLANG_WARN_COMMA = YES;
				CLANG_WARN_CONSTANT_CONVERSION = YES;
				CLANG_WARN_DEPRECATED_OBJC_IMPLEMENTATIONS = YES;
				CLANG_WARN_DIRECT_OBJC_ISA_USAGE = YES_ERROR;
				CLANG_WARN_DOCUMENTATION_COMMENTS = YES;
				CLANG_WARN_EMPTY_BODY = YES;
				CLANG_WARN_ENUM_CONVERSION = YES;
				CLANG_WARN_INFINITE_RECURSION = YES;
				CLANG_WARN_INT_CONVERSION = YES;
				CLANG_WARN_NON_LITERAL_NULL_CONVERSION = YES;
				CLANG_WARN_OBJC_IMPLICIT_RETAIN_SELF = YES;
				CLANG_WARN_OBJC_LITERAL_CONVERSION = YES;
				CLANG_WARN_OBJC_ROOT_CLASS = YES_ERROR;
				CLANG_WARN_QUOTED_INCLUDE_IN_FRAMEWORK_HEADER = YES;
				CLANG_WARN_RANGE_LOOP_ANALYSIS = YES;
				CLANG_WARN_STRICT_PROTOTYPES = YES;
				CLANG_WARN_SUSPICIOUS_MOVE = YES;
				CLANG_WARN_UNGUARDED_AVAILABILITY = YES_AGGRESSIVE;
				CLANG_WARN_UNREACHABLE_CODE = YES;
				CLANG_WARN__DUPLICATE_METHOD_MATCH = YES;
				COPY_PHASE_STRIP = NO;
				CURRENT_PROJECT_VERSION = 1;
				DEBUG_INFORMATION_FORMAT = dwarf;
				ENABLE_STRICT_OBJC_MSGSEND = YES;
				ENABLE_TESTABILITY = YES;
				GCC_C_LANGUAGE_STANDARD = gnu11;
				GCC_DYNAMIC_NO_PIC = NO;
				GCC_NO_COMMON_BLOCKS = YES;
				GCC_OPTIMIZATION_LEVEL = 0;
				GCC_PREPROCESSOR_DEFINITIONS = (
					"$(inherited)",
					"DEBUG=1",
				);
				GCC_WARN_64_TO_32_BIT_CONVERSION = YES;
				GCC_WARN_ABOUT_RETURN_TYPE = YES_ERROR;
				GCC_WARN_UNDECLARED_SELECTOR = YES;
				GCC_WARN_UNINITIALIZED_AUTOS = YES_AGGRESSIVE;
				GCC_WARN_UNUSED_FUNCTION = YES;
				GCC_WARN_UNUSED_VARIABLE = YES;
				GENERATE_INFOPLIST_FILE = YES;
				INFOPLIST_KEY_CFBundleDisplayName = Jippo;
				INFOPLIST_KEY_LSApplicationCategoryType = "public.app-category.news";
				INFOPLIST_KEY_NSHumanReadableCopyright = "";
				INFOPLIST_KEY_UIApplicationSupportsIndirectInputEvents = YES;
				INFOPLIST_KEY_UILaunchScreen_Generation = YES;
				MARKETING_VERSION = 0.1.0;
				MTL_ENABLE_DEBUG_INFO = INCLUDE_SOURCE;
				MTL_FAST_MATH = YES;
				ONLY_ACTIVE_ARCH = YES;
				PRODUCT_BUNDLE_IDENTIFIER = com.wallylin.Jippo;
				PRODUCT_NAME = Jippo;
				SDKROOT = auto;
				SWIFT_ACTIVE_COMPILATION_CONDITIONS = DEBUG;
				SWIFT_OPTIMIZATION_LEVEL = "-Onone";
				SWIFT_VERSION = 5.0;
			};
			name = Debug;
		};
		5C8260BFC6AF2B3840037895 /* Release */ = {
			isa = XCBuildConfiguration;
			buildSettings = {
				ALWAYS_SEARCH_USER_PATHS = NO;
				CLANG_ANALYZER_NONNULL = YES;
				CLANG_ANALYZER_NUMBER_OBJECT_CONVERSION = YES_AGGRESSIVE;
				CLANG_CXX_LANGUAGE_STANDARD = "gnu++14";
				CLANG_CXX_LIBRARY = "libc++";
				CLANG_ENABLE_MODULES = YES;
				CLANG_ENABLE_OBJC_ARC = YES;
				CLANG_ENABLE_OBJC_WEAK = YES;
				CLANG_WARN_BLOCK_CAPTURE_AUTORELEASING = YES;
				CLANG_WARN_BOOL_CONVERSION = YES;
				CLANG_WARN_COMMA = YES;
				CLANG_WARN_CONSTANT_CONVERSION = YES;
				CLANG_WARN_DEPRECATED_OBJC_IMPLEMENTATIONS = YES;
				CLANG_WARN_DIRECT_OBJC_ISA_USAGE = YES_ERROR;
				CLANG_WARN_DOCUMENTATION_COMMENTS = YES;
				CLANG_WARN_EMPTY_BODY = YES;
				CLANG_WARN_ENUM_CONVERSION = YES;
				CLANG_WARN_INFINITE_RECURSION = YES;
				CLANG_WARN_INT_CONVERSION = YES;
				CLANG_WARN_NON_LITERAL_NULL_CONVERSION = YES;
				CLANG_WARN_OBJC_IMPLICIT_RETAIN_SELF = YES;
				CLANG_WARN_OBJC_LITERAL_CONVERSION = YES;
				CLANG_WARN_OBJC_ROOT_CLASS = YES_ERROR;
				CLANG_WARN_QUOTED_INCLUDE_IN_FRAMEWORK_HEADER = YES;
				CLANG_WARN_RANGE_LOOP_ANALYSIS = YES;
				CLANG_WARN_STRICT_PROTOTYPES = YES;
				CLANG_WARN_SUSPICIOUS_MOVE = YES;
				CLANG_WARN_UNGUARDED_AVAILABILITY = YES_AGGRESSIVE;
				CLANG_WARN_UNREACHABLE_CODE = YES;
				CLANG_WARN__DUPLICATE_METHOD_MATCH = YES;
				COPY_PHASE_STRIP = NO;
				CURRENT_PROJECT_VERSION = 1;
				DEBUG_INFORMATION_FORMAT = "dwarf-with-dsym";
				ENABLE_NS_ASSERTIONS = NO;
				ENABLE_STRICT_OBJC_MSGSEND = YES;
				GCC_C_LANGUAGE_STANDARD = gnu11;
				GCC_NO_COMMON_BLOCKS = YES;
				GCC_WARN_64_TO_32_BIT_CONVERSION = YES;
				GCC_WARN_ABOUT_RETURN_TYPE = YES_ERROR;
				GCC_WARN_UNDECLARED_SELECTOR = YES;
				GCC_WARN_UNINITIALIZED_AUTOS = YES_AGGRESSIVE;
				GCC_WARN_UNUSED_FUNCTION = YES;
				GCC_WARN_UNUSED_VARIABLE = YES;
				GENERATE_INFOPLIST_FILE = YES;
				INFOPLIST_KEY_CFBundleDisplayName = Jippo;
				INFOPLIST_KEY_LSApplicationCategoryType = "public.app-category.news";
				INFOPLIST_KEY_NSHumanReadableCopyright = "";
				INFOPLIST_KEY_UIApplicationSupportsIndirectInputEvents = YES;
				INFOPLIST_KEY_UILaunchScreen_Generation = YES;
				MARKETING_VERSION = 0.1.0;
				MTL_ENABLE_DEBUG_INFO = NO;
				MTL_FAST_MATH = YES;
				PRODUCT_BUNDLE_IDENTIFIER = com.wallylin.Jippo;
				PRODUCT_NAME = Jippo;
				SDKROOT = auto;
				SWIFT_COMPILATION_MODE = wholemodule;
				SWIFT_OPTIMIZATION_LEVEL = "-O";
				SWIFT_VERSION = 5.0;
			};
			name = Release;
		};
		D243722EF7A3B5DD1658EE0D /* Debug */ = {
			isa = XCBuildConfiguration;
			buildSettings = {
				ASSETCATALOG_COMPILER_APPICON_NAME = AppIcon;
				CODE_SIGN_IDENTITY = "iPhone Developer";
				CODE_SIGN_STYLE = Automatic;
				DEVELOPMENT_TEAM = 9KDV7GN77P;
				LD_RUNPATH_SEARCH_PATHS = (
					"$(inherited)",
					"@executable_path/Frameworks",
				);
				PRODUCT_BUNDLE_IDENTIFIER = com.wallylin.Jippo;
				SDKROOT = auto;
				SUPPORTED_PLATFORMS = "iphoneos iphonesimulator xros xrsimulator macosx";
				SUPPORTS_MACCATALYST = NO;
				SUPPORTS_MAC_DESIGNED_FOR_IPHONE_IPAD = NO;
				SUPPORTS_XR_DESIGNED_FOR_IPHONE_IPAD = NO;
				TARGETED_DEVICE_FAMILY = "1,2,7";
			};
			name = Debug;
		};
		FD24DFE389FEC18C197F39D7 /* Release */ = {
			isa = XCBuildConfiguration;
			buildSettings = {
				ASSETCATALOG_COMPILER_APPICON_NAME = AppIcon;
				CODE_SIGN_IDENTITY = "iPhone Developer";
				CODE_SIGN_STYLE = Automatic;
				DEVELOPMENT_TEAM = 9KDV7GN77P;
				LD_RUNPATH_SEARCH_PATHS = (
					"$(inherited)",
					"@executable_path/Frameworks",
				);
				PRODUCT_BUNDLE_IDENTIFIER = com.wallylin.Jippo;
				SDKROOT = auto;
				SUPPORTED_PLATFORMS = "iphoneos iphonesimulator xros xrsimulator macosx";
				SUPPORTS_MACCATALYST = NO;
				SUPPORTS_MAC_DESIGNED_FOR_IPHONE_IPAD = NO;
				SUPPORTS_XR_DESIGNED_FOR_IPHONE_IPAD = NO;
				TARGETED_DEVICE_FAMILY = "1,2,7";
			};
			name = Release;
		};
/* End XCBuildConfiguration section */

/* Begin XCConfigurationList section */
		601D72163FAEE3953798AE9F /* Build configuration list for PBXProject "Jippo" */ = {
			isa = XCConfigurationList;
			buildConfigurations = (
				24C3810AEA3E425CF1EA0D25 /* Debug */,
				5C8260BFC6AF2B3840037895 /* Release */,
			);
			defaultConfigurationIsVisible = 0;
			defaultConfigurationName = Debug;
		};
		DBBFB9FDAB43E351A0C0E7F5 /* Build configuration list for PBXNativeTarget "Jippo" */ = {
			isa = XCConfigurationList;
			buildConfigurations = (
				D243722EF7A3B5DD1658EE0D /* Debug */,
				FD24DFE389FEC18C197F39D7 /* Release */,
			);
			defaultConfigurationIsVisible = 0;
			defaultConfigurationName = Debug;
		};
/* End XCConfigurationList section */
	};
	rootObject = B43110980137F15E039A8036 /* Project object */;
}
